
Microsoft Visual Studio Solution File, Format Version 12.00
# Visual Studio Version 17
VisualStudioVersion = 17.14.36518.9
MinimumVisualStudioVersion = 10.0.40219.1
Project("{FAE04EC0-301F-11D3-BF4B-00C04F79EFBC}") = "PruebaDV", "PruebaDV\PruebaDV.csproj", "{173F5729-D081-4DDA-BA04-8DF37C426EF5}"
EndProject
Project("{FAE04EC0-301F-11D3-BF4B-00C04F79EFBC}") = "TestProject", "TestProject\TestProject.csproj", "{8C2D508A-27AD-4675-8E94-5B1AB550871E}"
EndProject
Global
	GlobalSection(SolutionConfigurationPlatforms) = preSolution
		Debug|Any CPU = Debug|Any CPU
		Release|Any CPU = Release|Any CPU
	EndGlobalSection
	GlobalSection(ProjectConfigurationPlatforms) = postSolution
		{173F5729-D081-4DDA-BA04-8DF37C426EF5}.Debug|Any CPU.ActiveCfg = Debug|Any CPU
		{173F5729-D081-4DDA-BA04-8DF37C426EF5}.Debug|Any CPU.Build.0 = Debug|Any CPU
		{173F5729-D081-4DDA-BA04-8DF37C426EF5}.Release|Any CPU.ActiveCfg = Release|Any CPU
		{173F5729-D081-4DDA-BA04-8DF37C426EF5}.Release|Any CPU.Build.0 = Release|Any CPU
		{8C2D508A-27AD-4675-8E94-5B1AB550871E}.Debug|Any CPU.ActiveCfg = Debug|Any CPU
		{8C2D508A-27AD-4675-8E94-5B1AB550871E}.Debug|Any CPU.Build.0 = Debug|Any CPU
		{8C2D508A-27AD-4675-8E94-5B1AB550871E}.Release|Any CPU.ActiveCfg = Release|Any CPU
		{8C2D508A-27AD-4675-8E94-5B1AB550871E}.Release|Any CPU.Build.0 = Release|Any CPU
	EndGlobalSection
	GlobalSection(SolutionProperties) = preSolution
		HideSolutionNode = FALSE
	EndGlobalSection
	GlobalSection(ExtensibilityGlobals) = postSolution
		SolutionGuid = {49AF14E6-2BBC-4348-A962-2E574A53805D}
	EndGlobalSection
EndGlobal
